// !$*UTF8*$!
{
	archiveVersion = 1;
	classes = {
	};
	objectVersion = 56;
	objects = {

/* Begin PBXBuildFile section */
		15C21BA32C91440F004D8748 /* GithubList_SwiftUI_AI_AppApp.swift in Sources */ = {isa = PBXBuildFile; fileRef = 15C21BA22C91440F004D8748 /* GithubList_SwiftUI_AI_AppApp.swift */; };
		15C21BA52C91440F004D8748 /* ContentView.swift in Sources */ = {isa = PBXBuildFile; fileRef = 15C21BA42C91440F004D8748 /* ContentView.swift */; };
		15C21BA72C914410004D8748 /* Assets.xcassets in Resources */ = {isa = PBXBuildFile; fileRef = 15C21BA62C914410004D8748 /* Assets.xcassets */; };
		15C21BAA2C914410004D8748 /* Preview Assets.xcassets in Resources */ = {isa = PBXBuildFile; fileRef = 15C21BA92C914410004D8748 /* Preview Assets.xcassets */; };
		15C21BB42C914410004D8748 /* GithubList_SwiftUI_AI_AppTests.swift in Sources */ = {isa = PBXBuildFile; fileRef = 15C21BB32C914410004D8748 /* GithubList_SwiftUI_AI_AppTests.swift */; };
		15C21BBE2C914410004D8748 /* GithubList_SwiftUI_AI_AppUITests.swift in Sources */ = {isa = PBXBuildFile; fileRef = 15C21BBD2C914410004D8748 /* GithubList_SwiftUI_AI_AppUITests.swift */; };
		15C21BC02C914410004D8748 /* GithubList_SwiftUI_AI_AppUITestsLaunchTests.swift in Sources */ = {isa = PBXBuildFile; fileRef = 15C21BBF2C914410004D8748 /* GithubList_SwiftUI_AI_AppUITestsLaunchTests.swift */; };
		15C21BCD2C9145B4004D8748 /* GitHubUser.swift in Sources */ = {isa = PBXBuildFile; fileRef = 15C21BCC2C9145B4004D8748 /* GitHubUser.swift */; };
		15C21BCF2C914623004D8748 /* SearchBar.swift in Sources */ = {isa = PBXBuildFile; fileRef = 15C21BCE2C914623004D8748 /* SearchBar.swift */; };
		15C21BD12C914668004D8748 /* UserDetailView.swift in Sources */ = {isa = PBXBuildFile; fileRef = 15C21BD02C914668004D8748 /* UserDetailView.swift */; };
		15C21BD32C914EC0004D8748 /* UserStore.swift in Sources */ = {isa = PBXBuildFile; fileRef = 15C21BD22C914EC0004D8748 /* UserStore.swift */; };
/* End PBXBuildFile section */

/* Begin PBXContainerItemProxy section */
		15C21BB02C914410004D8748 /* PBXContainerItemProxy */ = {
			isa = PBXContainerItemProxy;
			containerPortal = 15C21B972C91440F004D8748 /* Project object */;
			proxyType = 1;
			remoteGlobalIDString = 15C21B9E2C91440F004D8748;
			remoteInfo = GithubList_SwiftUI_AI_App;
		};
		15C21BBA2C914410004D8748 /* PBXContainerItemProxy */ = {
			isa = PBXContainerItemProxy;
			containerPortal = 15C21B972C91440F004D8748 /* Project object */;
			proxyType = 1;
			remoteGlobalIDString = 15C21B9E2C91440F004D8748;
			remoteInfo = GithubList_SwiftUI_AI_App;
		};
/* End PBXContainerItemProxy section */

/* Begin PBXFileReference section */
		15C21B9F2C91440F004D8748 /* GithubList_SwiftUI_AI_App.app */ = {isa = PBXFileReference; explicitFileType = wrapper.application; includeInIndex = 0; path = GithubList_SwiftUI_AI_App.app; sourceTree = BUILT_PRODUCTS_DIR; };
		15C21BA22C91440F004D8748 /* GithubList_SwiftUI_AI_AppApp.swift */ = {isa = PBXFileReference; lastKnownFileType = sourcecode.swift; path = GithubList_SwiftUI_AI_AppApp.swift; sourceTree = "<group>"; };
		15C21BA42C91440F004D8748 /* ContentView.swift */ = {isa = PBXFileReference; lastKnownFileType = sourcecode.swift; path = ContentView.swift; sourceTree = "<group>"; };
		15C21BA62C914410004D8748 /* Assets.xcassets */ = {isa = PBXFileReference; lastKnownFileType = folder.assetcatalog; path = Assets.xcassets; sourceTree = "<group>"; };
		15C21BA92C914410004D8748 /* Preview Assets.xcassets */ = {isa = PBXFileReference; lastKnownFileType = folder.assetcatalog; path = "Preview Assets.xcassets"; sourceTree = "<group>"; };
		15C21BAF2C914410004D8748 /* GithubList_SwiftUI_AI_AppTests.xctest */ = {isa = PBXFileReference; explicitFileType = wrapper.cfbundle; includeInIndex = 0; path = GithubList_SwiftUI_AI_AppTests.xctest; sourceTree = BUILT_PRODUCTS_DIR; };
		15C21BB32C914410004D8748 /* GithubList_SwiftUI_AI_AppTests.swift */ = {isa = PBXFileReference; lastKnownFileType = sourcecode.swift; path = GithubList_SwiftUI_AI_AppTests.swift; sourceTree = "<group>"; };
		15C21BB92C914410004D8748 /* GithubList_SwiftUI_AI_AppUITests.xctest */ = {isa = PBXFileReference; explicitFileType = wrapper.cfbundle; includeInIndex = 0; path = GithubList_SwiftUI_AI_AppUITests.xctest; sourceTree = BUILT_PRODUCTS_DIR; };
		15C21BBD2C914410004D8748 /* GithubList_SwiftUI_AI_AppUITests.swift */ = {isa = PBXFileReference; lastKnownFileType = sourcecode.swift; path = GithubList_SwiftUI_AI_AppUITests.swift; sourceTree = "<group>"; };
		15C21BBF2C914410004D8748 /* GithubList_SwiftUI_AI_AppUITestsLaunchTests.swift */ = {isa = PBXFileReference; lastKnownFileType = sourcecode.swift; path = GithubList_SwiftUI_AI_AppUITestsLaunchTests.swift; sourceTree = "<group>"; };
		15C21BCC2C9145B4004D8748 /* GitHubUser.swift */ = {isa = PBXFileReference; fileEncoding = 4; lastKnownFileType = sourcecode.swift; path = GitHubUser.swift; sourceTree = "<group>"; };
		15C21BCE2C914623004D8748 /* SearchBar.swift */ = {isa = PBXFileReference; fileEncoding = 4; lastKnownFileType = sourcecode.swift; path = SearchBar.swift; sourceTree = "<group>"; };
		15C21BD02C914668004D8748 /* UserDetailView.swift */ = {isa = PBXFileReference; fileEncoding = 4; lastKnownFileType = sourcecode.swift; path = UserDetailView.swift; sourceTree = "<group>"; };
		15C21BD22C914EC0004D8748 /* UserStore.swift */ = {isa = PBXFileReference; fileEncoding = 4; lastKnownFileType = sourcecode.swift; path = UserStore.swift; sourceTree = "<group>"; };
/* End PBXFileReference section */

/* Begin PBXFrameworksBuildPhase section */
		15C21B9C2C91440F004D8748 /* Frameworks */ = {
			isa = PBXFrameworksBuildPhase;
			buildActionMask = 2147483647;
			files = (
			);
			runOnlyForDeploymentPostprocessing = 0;
		};
		15C21BAC2C914410004D8748 /* Frameworks */ = {
			isa = PBXFrameworksBuildPhase;
			buildActionMask = 2147483647;
			files = (
			);
			runOnlyForDeploymentPostprocessing = 0;
		};
		15C21BB62C914410004D8748 /* Frameworks */ = {
			isa = PBXFrameworksBuildPhase;
			buildActionMask = 2147483647;
			files = (
			);
			runOnlyForDeploymentPostprocessing = 0;
		};
/* End PBXFrameworksBuildPhase section */

/* Begin PBXGroup section */
		15C21B962C91440F004D8748 = {
			isa = PBXGroup;
			children = (
				15C21BA12C91440F004D8748 /* GithubList_SwiftUI_AI_App */,
				15C21BB22C914410004D8748 /* GithubList_SwiftUI_AI_AppTests */,
				15C21BBC2C914410004D8748 /* GithubList_SwiftUI_AI_AppUITests */,
				15C21BA02C91440F004D8748 /* Products */,
			);
			sourceTree = "<group>";
		};
		15C21BA02C91440F004D8748 /* Products */ = {
			isa = PBXGroup;
			children = (
				15C21B9F2C91440F004D8748 /* GithubList_SwiftUI_AI_App.app */,
				15C21BAF2C914410004D8748 /* GithubList_SwiftUI_AI_AppTests.xctest */,
				15C21BB92C914410004D8748 /* GithubList_SwiftUI_AI_AppUITests.xctest */,
			);
			name = Products;
			sourceTree = "<group>";
		};
		15C21BA12C91440F004D8748 /* GithubList_SwiftUI_AI_App */ = {
			isa = PBXGroup;
			children = (
				15C21BA22C91440F004D8748 /* GithubList_SwiftUI_AI_AppApp.swift */,
				15C21BA42C91440F004D8748 /* ContentView.swift */,
				15C21BCC2C9145B4004D8748 /* GitHubUser.swift */,
				15C21BCE2C914623004D8748 /* SearchBar.swift */,
				15C21BD02C914668004D8748 /* UserDetailView.swift */,
				15C21BD22C914EC0004D8748 /* UserStore.swift */,
				15C21BA62C914410004D8748 /* Assets.xcassets */,
				15C21BA82C914410004D8748 /* Preview Content */,
			);
			path = GithubList_SwiftUI_AI_App;
			sourceTree = "<group>";
		};
		15C21BA82C914410004D8748 /* Preview Content */ = {
			isa = PBXGroup;
			children = (
				15C21BA92C914410004D8748 /* Preview Assets.xcassets */,
			);
			path = "Preview Content";
			sourceTree = "<group>";
		};
		15C21BB22C914410004D8748 /* GithubList_SwiftUI_AI_AppTests */ = {
			isa = PBXGroup;
			children = (
				15C21BB32C914410004D8748 /* GithubList_SwiftUI_AI_AppTests.swift */,
			);
			path = GithubList_SwiftUI_AI_AppTests;
			sourceTree = "<group>";
		};
		15C21BBC2C914410004D8748 /* GithubList_SwiftUI_AI_AppUITests */ = {
			isa = PBXGroup;
			children = (
				15C21BBD2C914410004D8748 /* GithubList_SwiftUI_AI_AppUITests.swift */,
				15C21BBF2C914410004D8748 /* GithubList_SwiftUI_AI_AppUITestsLaunchTests.swift */,
			);
			path = GithubList_SwiftUI_AI_AppUITests;
			sourceTree = "<group>";
		};
/* End PBXGroup section */

/* Begin PBXNativeTarget section */
		15C21B9E2C91440F004D8748 /* GithubList_SwiftUI_AI_App */ = {
			isa = PBXNativeTarget;
			buildConfigurationList = 15C21BC32C914410004D8748 /* Build configuration list for PBXNativeTarget "GithubList_SwiftUI_AI_App" */;
			buildPhases = (
				15C21B9B2C91440F004D8748 /* Sources */,
				15C21B9C2C91440F004D8748 /* Frameworks */,
				15C21B9D2C91440F004D8748 /* Resources */,
			);
			buildRules = (
			);
			dependencies = (
			);
			name = GithubList_SwiftUI_AI_App;
			productName = GithubList_SwiftUI_AI_App;
			productReference = 15C21B9F2C91440F004D8748 /* GithubList_SwiftUI_AI_App.app */;
			productType = "com.apple.product-type.application";
		};
		15C21BAE2C914410004D8748 /* GithubList_SwiftUI_AI_AppTests */ = {
			isa = PBXNativeTarget;
			buildConfigurationList = 15C21BC62C914410004D8748 /* Build configuration list for PBXNativeTarget "GithubList_SwiftUI_AI_AppTests" */;
			buildPhases = (
				15C21BAB2C914410004D8748 /* Sources */,
				15C21BAC2C914410004D8748 /* Frameworks */,
				15C21BAD2C914410004D8748 /* Resources */,
			);
			buildRules = (
			);
			dependencies = (
				15C21BB12C914410004D8748 /* PBXTargetDependency */,
			);
			name = GithubList_SwiftUI_AI_AppTests;
			productName = GithubList_SwiftUI_AI_AppTests;
			productReference = 15C21BAF2C914410004D8748 /* GithubList_SwiftUI_AI_AppTests.xctest */;
			productType = "com.apple.product-type.bundle.unit-test";
		};
		15C21BB82C914410004D8748 /* GithubList_SwiftUI_AI_AppUITests */ = {
			isa = PBXNativeTarget;
			buildConfigurationList = 15C21BC92C914410004D8748 /* Build configuration list for PBXNativeTarget "GithubList_SwiftUI_AI_AppUITests" */;
			buildPhases = (
				15C21BB52C914410004D8748 /* Sources */,
				15C21BB62C914410004D8748 /* Frameworks */,
				15C21BB72C914410004D8748 /* Resources */,
			);
			buildRules = (
			);
			dependencies = (
				15C21BBB2C914410004D8748 /* PBXTargetDependency */,
			);
			name = GithubList_SwiftUI_AI_AppUITests;
			productName = GithubList_SwiftUI_AI_AppUITests;
			productReference = 15C21BB92C914410004D8748 /* GithubList_SwiftUI_AI_AppUITests.xctest */;
			productType = "com.apple.product-type.bundle.ui-testing";
		};
/* End PBXNativeTarget section */

/* Begin PBXProject section */
		15C21B972C91440F004D8748 /* Project object */ = {
			isa = PBXProject;
			attributes = {
				BuildIndependentTargetsInParallel = 1;
				LastSwiftUpdateCheck = 1500;
				LastUpgradeCheck = 1500;
				TargetAttributes = {
					15C21B9E2C91440F004D8748 = {
						CreatedOnToolsVersion = 15.0.1;
					};
					15C21BAE2C914410004D8748 = {
						CreatedOnToolsVersion = 15.0.1;
						TestTargetID = 15C21B9E2C91440F004D8748;
					};
					15C21BB82C914410004D8748 = {
						CreatedOnToolsVersion = 15.0.1;
						TestTargetID = 15C21B9E2C91440F004D8748;
					};
				};
			};
			buildConfigurationList = 15C21B9A2C91440F004D8748 /* Build configuration list for PBXProject "GithubList_SwiftUI_AI_App" */;
			compatibilityVersion = "Xcode 14.0";
			developmentRegion = en;
			hasScannedForEncodings = 0;
			knownRegions = (
				en,
				Base,
			);
			mainGroup = 15C21B962C91440F004D8748;
			productRefGroup = 15C21BA02C91440F004D8748 /* Products */;
			projectDirPath = "";
			projectRoot = "";
			targets = (
				15C21B9E2C91440F004D8748 /* GithubList_SwiftUI_AI_App */,
				15C21BAE2C914410004D8748 /* GithubList_SwiftUI_AI_AppTests */,
				15C21BB82C914410004D8748 /* GithubList_SwiftUI_AI_AppUITests */,
			);
		};
/* End PBXProject section */

/* Begin PBXResourcesBuildPhase section */
		15C21B9D2C91440F004D8748 /* Resources */ = {
			isa = PBXResourcesBuildPhase;
			buildActionMask = 2147483647;
			files = (
				15C21BAA2C914410004D8748 /* Preview Assets.xcassets in Resources */,
				15C21BA72C914410004D8748 /* Assets.xcassets in Resources */,
			);
			runOnlyForDeploymentPostprocessing = 0;
		};
		15C21BAD2C914410004D8748 /* Resources */ = {
			isa = PBXResourcesBuildPhase;
			buildActionMask = 2147483647;
			files = (
			);
			runOnlyForDeploymentPostprocessing = 0;
		};
		15C21BB72C914410004D8748 /* Resources */ = {
			isa = PBXResourcesBuildPhase;
			buildActionMask = 2147483647;
			files = (
			);
			runOnlyForDeploymentPostprocessing = 0;
		};
/* End PBXResourcesBuildPhase section */

/* Begin PBXSourcesBuildPhase section */
		15C21B9B2C91440F004D8748 /* Sources */ = {
			isa = PBXSourcesBuildPhase;
			buildActionMask = 2147483647;
			files = (
				15C21BD32C914EC0004D8748 /* UserStore.swift in Sources */,
				15C21BCD2C9145B4004D8748 /* GitHubUser.swift in Sources */,
				15C21BCF2C914623004D8748 /* SearchBar.swift in Sources */,
				15C21BA52C91440F004D8748 /* ContentView.swift in Sources */,
				15C21BD12C914668004D8748 /* UserDetailView.swift in Sources */,
				15C21BA32C91440F004D8748 /* GithubList_SwiftUI_AI_AppApp.swift in Sources */,
			);
			runOnlyForDeploymentPostprocessing = 0;
		};
		15C21BAB2C914410004D8748 /* Sources */ = {
			isa = PBXSourcesBuildPhase;
			buildActionMask = 2147483647;
			files = (
				15C21BB42C914410004D8748 /* GithubList_SwiftUI_AI_AppTests.swift in Sources */,
			);
			runOnlyForDeploymentPostprocessing = 0;
		};
		15C21BB52C914410004D8748 /* Sources */ = {
			isa = PBXSourcesBuildPhase;
			buildActionMask = 2147483647;
			files = (
				15C21BBE2C914410004D8748 /* GithubList_SwiftUI_AI_AppUITests.swift in Sources */,
				15C21BC02C914410004D8748 /* GithubList_SwiftUI_AI_AppUITestsLaunchTests.swift in Sources */,
			);
			runOnlyForDeploymentPostprocessing = 0;
		};
/* End PBXSourcesBuildPhase section */

/* Begin PBXTargetDependency section */
		15C21BB12C914410004D8748 /* PBXTargetDependency */ = {
			isa = PBXTargetDependency;
			target = 15C21B9E2C91440F004D8748 /* GithubList_SwiftUI_AI_App */;
			targetProxy = 15C21BB02C914410004D8748 /* PBXContainerItemProxy */;
		};
		15C21BBB2C914410004D8748 /* PBXTargetDependency */ = {
			isa = PBXTargetDependency;
			target = 15C21B9E2C91440F004D8748 /* GithubList_SwiftUI_AI_App */;
			targetProxy = 15C21BBA2C914410004D8748 /* PBXContainerItemProxy */;
		};
/* End PBXTargetDependency section */

/* Begin XCBuildConfiguration section */
		15C21BC12C914410004D8748 /* Debug */ = {
			isa = XCBuildConfiguration;
			buildSettings = {
				ALWAYS_SEARCH_USER_PATHS = NO;
				ASSETCATALOG_COMPILER_GENERATE_SWIFT_ASSET_SYMBOL_EXTENSIONS = YES;
				CLANG_ANALYZER_NONNULL = YES;
				CLANG_ANALYZER_NUMBER_OBJECT_CONVERSION = YES_AGGRESSIVE;
				CLANG_CXX_LANGUAGE_STANDARD = "gnu++20";
				CLANG_ENABLE_MODULES = YES;
				CLANG_ENABLE_OBJC_ARC = YES;
				CLANG_ENABLE_OBJC_WEAK = YES;
				CLANG_WARN_BLOCK_CAPTURE_AUTORELEASING = YES;
				CLANG_WARN_BOOL_CONVERSION = YES;
				CLANG_WARN_COMMA = YES;
				CLANG_WARN_CONSTANT_CONVERSION = YES;
				CLANG_WARN_DEPRECATED_OBJC_IMPLEMENTATIONS = YES;
				CLANG_WARN_DIRECT_OBJC_ISA_USAGE = YES_ERROR;
				CLANG_WARN_DOCUMENTATION_COMMENTS = YES;
				CLANG_WARN_EMPTY_BODY = YES;
				CLANG_WARN_ENUM_CONVERSION = YES;
				CLANG_WARN_INFINITE_RECURSION = YES;
				CLANG_WARN_INT_CONVERSION = YES;
				CLANG_WARN_NON_LITERAL_NULL_CONVERSION = YES;
				CLANG_WARN_OBJC_IMPLICIT_RETAIN_SELF = YES;
				CLANG_WARN_OBJC_LITERAL_CONVERSION = YES;
				CLANG_WARN_OBJC_ROOT_CLASS = YES_ERROR;
				CLANG_WARN_QUOTED_INCLUDE_IN_FRAMEWORK_HEADER = YES;
				CLANG_WARN_RANGE_LOOP_ANALYSIS = YES;
				CLANG_WARN_STRICT_PROTOTYPES = YES;
				CLANG_WARN_SUSPICIOUS_MOVE = YES;
				CLANG_WARN_UNGUARDED_AVAILABILITY = YES_AGGRESSIVE;
				CLANG_WARN_UNREACHABLE_CODE = YES;
				CLANG_WARN__DUPLICATE_METHOD_MATCH = YES;
				COPY_PHASE_STRIP = NO;
				DEBUG_INFORMATION_FORMAT = dwarf;
				ENABLE_STRICT_OBJC_MSGSEND = YES;
				ENABLE_TESTABILITY = YES;
				ENABLE_USER_SCRIPT_SANDBOXING = YES;
				GCC_C_LANGUAGE_STANDARD = gnu17;
				GCC_DYNAMIC_NO_PIC = NO;
				GCC_NO_COMMON_BLOCKS = YES;
				GCC_OPTIMIZATION_LEVEL = 0;
				GCC_PREPROCESSOR_DEFINITIONS = (
					"DEBUG=1",
					"$(inherited)",
				);
				GCC_WARN_64_TO_32_BIT_CONVERSION = YES;
				GCC_WARN_ABOUT_RETURN_TYPE = YES_ERROR;
				GCC_WARN_UNDECLARED_SELECTOR = YES;
				GCC_WARN_UNINITIALIZED_AUTOS = YES_AGGRESSIVE;
				GCC_WARN_UNUSED_FUNCTION = YES;
				GCC_WARN_UNUSED_VARIABLE = YES;
				IPHONEOS_DEPLOYMENT_TARGET = 17.0;
				LOCALIZATION_PREFERS_STRING_CATALOGS = YES;
				MTL_ENABLE_DEBUG_INFO = INCLUDE_SOURCE;
				MTL_FAST_MATH = YES;
				ONLY_ACTIVE_ARCH = YES;
				SDKROOT = iphoneos;
				SWIFT_ACTIVE_COMPILATION_CONDITIONS = "DEBUG $(inherited)";
				SWIFT_OPTIMIZATION_LEVEL = "-Onone";
			};
			name = Debug;
		};
		15C21BC22C914410004D8748 /* Release */ = {
			isa = XCBuildConfiguration;
			buildSettings = {
				ALWAYS_SEARCH_USER_PATHS = NO;
				ASSETCATALOG_COMPILER_GENERATE_SWIFT_ASSET_SYMBOL_EXTENSIONS = YES;
				CLANG_ANALYZER_NONNULL = YES;
				CLANG_ANALYZER_NUMBER_OBJECT_CONVERSION = YES_AGGRESSIVE;
				CLANG_CXX_LANGUAGE_STANDARD = "gnu++20";
				CLANG_ENABLE_MODULES = YES;
				CLANG_ENABLE_OBJC_ARC = YES;
				CLANG_ENABLE_OBJC_WEAK = YES;
				CLANG_WARN_BLOCK_CAPTURE_AUTORELEASING = YES;
				CLANG_WARN_BOOL_CONVERSION = YES;
				CLANG_WARN_COMMA = YES;
				CLANG_WARN_CONSTANT_CONVERSION = YES;
				CLANG_WARN_DEPRECATED_OBJC_IMPLEMENTATIONS = YES;
				CLANG_WARN_DIRECT_OBJC_ISA_USAGE = YES_ERROR;
				CLANG_WARN_DOCUMENTATION_COMMENTS = YES;
				CLANG_WARN_EMPTY_BODY = YES;
				CLANG_WARN_ENUM_CONVERSION = YES;
				CLANG_WARN_INFINITE_RECURSION = YES;
				CLANG_WARN_INT_CONVERSION = YES;
				CLANG_WARN_NON_LITERAL_NULL_CONVERSION = YES;
				CLANG_WARN_OBJC_IMPLICIT_RETAIN_SELF = YES;
				CLANG_WARN_OBJC_LITERAL_CONVERSION = YES;
				CLANG_WARN_OBJC_ROOT_CLASS = YES_ERROR;
				CLANG_WARN_QUOTED_INCLUDE_IN_FRAMEWORK_HEADER = YES;
				CLANG_WARN_RANGE_LOOP_ANALYSIS = YES;
				CLANG_WARN_STRICT_PROTOTYPES = YES;
				CLANG_WARN_SUSPICIOUS_MOVE = YES;
				CLANG_WARN_UNGUARDED_AVAILABILITY = YES_AGGRESSIVE;
				CLANG_WARN_UNREACHABLE_CODE = YES;
				CLANG_WARN__DUPLICATE_METHOD_MATCH = YES;
				COPY_PHASE_STRIP = NO;
				DEBUG_INFORMATION_FORMAT = "dwarf-with-dsym";
				ENABLE_NS_ASSERTIONS = NO;
				ENABLE_STRICT_OBJC_MSGSEND = YES;
				ENABLE_USER_SCRIPT_SANDBOXING = YES;
				GCC_C_LANGUAGE_STANDARD = gnu17;
				GCC_NO_COMMON_BLOCKS = YES;
				GCC_WARN_64_TO_32_BIT_CONVERSION = YES;
				GCC_WARN_ABOUT_RETURN_TYPE = YES_ERROR;
				GCC_WARN_UNDECLARED_SELECTOR = YES;
				GCC_WARN_UNINITIALIZED_AUTOS = YES_AGGRESSIVE;
				GCC_WARN_UNUSED_FUNCTION = YES;
				GCC_WARN_UNUSED_VARIABLE = YES;
				IPHONEOS_DEPLOYMENT_TARGET = 17.0;
				LOCALIZATION_PREFERS_STRING_CATALOGS = YES;
				MTL_ENABLE_DEBUG_INFO = NO;
				MTL_FAST_MATH = YES;
				SDKROOT = iphoneos;
				SWIFT_COMPILATION_MODE = wholemodule;
				VALIDATE_PRODUCT = YES;
			};
			name = Release;
		};
		15C21BC42C914410004D8748 /* Debug */ = {
			isa = XCBuildConfiguration;
			buildSettings = {
				ASSETCATALOG_COMPILER_APPICON_NAME = AppIcon;
				ASSETCATALOG_COMPILER_GLOBAL_ACCENT_COLOR_NAME = AccentColor;
				CODE_SIGN_STYLE = Automatic;
				CURRENT_PROJECT_VERSION = 1;
				DEVELOPMENT_ASSET_PATHS = "\"GithubList_SwiftUI_AI_App/Preview Content\"";
				DEVELOPMENT_TEAM = G2S9995PU7;
				ENABLE_PREVIEWS = YES;
				GENERATE_INFOPLIST_FILE = YES;
				INFOPLIST_KEY_UIApplicationSceneManifest_Generation = YES;
				INFOPLIST_KEY_UIApplicationSupportsIndirectInputEvents = YES;
				INFOPLIST_KEY_UILaunchScreen_Generation = YES;
				INFOPLIST_KEY_UISupportedInterfaceOrientations_iPad = "UIInterfaceOrientationPortrait UIInterfaceOrientationPortraitUpsideDown UIInterfaceOrientationLandscapeLeft UIInterfaceOrientationLandscapeRight";
				INFOPLIST_KEY_UISupportedInterfaceOrientations_iPhone = "UIInterfaceOrientationPortrait UIInterfaceOrientationLandscapeLeft UIInterfaceOrientationLandscapeRight";
				LD_RUNPATH_SEARCH_PATHS = (
					"$(inherited)",
					"@executable_path/Frameworks",
				);
				MARKETING_VERSION = 1.0;
				PRODUCT_BUNDLE_IDENTIFIER = "vinci.GithubList-SwiftUI-AI-App";
				PRODUCT_NAME = "$(TARGET_NAME)";
				SWIFT_EMIT_LOC_STRINGS = YES;
				SWIFT_VERSION = 5.0;
				TARGETED_DEVICE_FAMILY = "1,2";
			};
			name = Debug;
		};
		15C21BC52C914410004D8748 /* Release */ = {
			isa = XCBuildConfiguration;
			buildSettings = {
				ASSETCATALOG_COMPILER_APPICON_NAME = AppIcon;
				ASSETCATALOG_COMPILER_GLOBAL_ACCENT_COLOR_NAME = AccentColor;
				CODE_SIGN_STYLE = Automatic;
				CURRENT_PROJECT_VERSION = 1;
				DEVELOPMENT_ASSET_PATHS = "\"GithubList_SwiftUI_AI_App/Preview Content\"";
				DEVELOPMENT_TEAM = G2S9995PU7;
				ENABLE_PREVIEWS = YES;
				GENERATE_INFOPLIST_FILE = YES;
				INFOPLIST_KEY_UIApplicationSceneManifest_Generation = YES;
				INFOPLIST_KEY_UIApplicationSupportsIndirectInputEvents = YES;
				INFOPLIST_KEY_UILaunchScreen_Generation = YES;
				INFOPLIST_KEY_UISupportedInterfaceOrientations_iPad = "UIInterfaceOrientationPortrait UIInterfaceOrientationPortraitUpsideDown UIInterfaceOrientationLandscapeLeft UIInterfaceOrientationLandscapeRight";
				INFOPLIST_KEY_UISupportedInterfaceOrientations_iPhone = "UIInterfaceOrientationPortrait UIInterfaceOrientationLandscapeLeft UIInterfaceOrientationLandscapeRight";
				LD_RUNPATH_SEARCH_PATHS = (
					"$(inherited)",
					"@executable_path/Frameworks",
				);
				MARKETING_VERSION = 1.0;
				PRODUCT_BUNDLE_IDENTIFIER = "vinci.GithubList-SwiftUI-AI-App";
				PRODUCT_NAME = "$(TARGET_NAME)";
				SWIFT_EMIT_LOC_STRINGS = YES;
				SWIFT_VERSION = 5.0;
				TARGETED_DEVICE_FAMILY = "1,2";
			};
			name = Release;
		};
		15C21BC72C914410004D8748 /* Debug */ = {
			isa = XCBuildConfiguration;
			buildSettings = {
				ALWAYS_EMBED_SWIFT_STANDARD_LIBRARIES = YES;
				BUNDLE_LOADER = "$(TEST_HOST)";
				CODE_SIGN_STYLE = Automatic;
				CURRENT_PROJECT_VERSION = 1;
				DEVELOPMENT_TEAM = G2S9995PU7;
				GENERATE_INFOPLIST_FILE = YES;
				IPHONEOS_DEPLOYMENT_TARGET = 17.0;
				MARKETING_VERSION = 1.0;
				PRODUCT_BUNDLE_IDENTIFIER = "vinci.GithubList-SwiftUI-AI-AppTests";
				PRODUCT_NAME = "$(TARGET_NAME)";
				SWIFT_EMIT_LOC_STRINGS = NO;
				SWIFT_VERSION = 5.0;
				TARGETED_DEVICE_FAMILY = "1,2";
				TEST_HOST = "$(BUILT_PRODUCTS_DIR)/GithubList_SwiftUI_AI_App.app/$(BUNDLE_EXECUTABLE_FOLDER_PATH)/GithubList_SwiftUI_AI_App";
			};
			name = Debug;
		};
		15C21BC82C914410004D8748 /* Release */ = {
			isa = XCBuildConfiguration;
			buildSettings = {
				ALWAYS_EMBED_SWIFT_STANDARD_LIBRARIES = YES;
				BUNDLE_LOADER = "$(TEST_HOST)";
				CODE_SIGN_STYLE = Automatic;
				CURRENT_PROJECT_VERSION = 1;
				DEVELOPMENT_TEAM = G2S9995PU7;
				GENERATE_INFOPLIST_FILE = YES;
				IPHONEOS_DEPLOYMENT_TARGET = 17.0;
				MARKETING_VERSION = 1.0;
				PRODUCT_BUNDLE_IDENTIFIER = "vinci.GithubList-SwiftUI-AI-AppTests";
				PRODUCT_NAME = "$(TARGET_NAME)";
				SWIFT_EMIT_LOC_STRINGS = NO;
				SWIFT_VERSION = 5.0;
				TARGETED_DEVICE_FAMILY = "1,2";
				TEST_HOST = "$(BUILT_PRODUCTS_DIR)/GithubList_SwiftUI_AI_App.app/$(BUNDLE_EXECUTABLE_FOLDER_PATH)/GithubList_SwiftUI_AI_App";
			};
			name = Release;
		};
		15C21BCA2C914410004D8748 /* Debug */ = {
			isa = XCBuildConfiguration;
			buildSettings = {
				ALWAYS_EMBED_SWIFT_STANDARD_LIBRARIES = YES;
				CODE_SIGN_STYLE = Automatic;
				CURRENT_PROJECT_VERSION = 1;
				DEVELOPMENT_TEAM = G2S9995PU7;
				GENERATE_INFOPLIST_FILE = YES;
				MARKETING_VERSION = 1.0;
				PRODUCT_BUNDLE_IDENTIFIER = "vinci.GithubList-SwiftUI-AI-AppUITests";
				PRODUCT_NAME = "$(TARGET_NAME)";
				SWIFT_EMIT_LOC_STRINGS = NO;
				SWIFT_VERSION = 5.0;
				TARGETED_DEVICE_FAMILY = "1,2";
				TEST_TARGET_NAME = GithubList_SwiftUI_AI_App;
			};
			name = Debug;
		};
		15C21BCB2C914410004D8748 /* Release */ = {
			isa = XCBuildConfiguration;
			buildSettings = {
				ALWAYS_EMBED_SWIFT_STANDARD_LIBRARIES = YES;
				CODE_SIGN_STYLE = Automatic;
				CURRENT_PROJECT_VERSION = 1;
				DEVELOPMENT_TEAM = G2S9995PU7;
				GENERATE_INFOPLIST_FILE = YES;
				MARKETING_VERSION = 1.0;
				PRODUCT_BUNDLE_IDENTIFIER = "vinci.GithubList-SwiftUI-AI-AppUITests";
				PRODUCT_NAME = "$(TARGET_NAME)";
				SWIFT_EMIT_LOC_STRINGS = NO;
				SWIFT_VERSION = 5.0;
				TARGETED_DEVICE_FAMILY = "1,2";
				TEST_TARGET_NAME = GithubList_SwiftUI_AI_App;
			};
			name = Release;
		};
/* End XCBuildConfiguration section */

/* Begin XCConfigurationList section */
		15C21B9A2C91440F004D8748 /* Build configuration list for PBXProject "GithubList_SwiftUI_AI_App" */ = {
			isa = XCConfigurationList;
			buildConfigurations = (
				15C21BC12C914410004D8748 /* Debug */,
				15C21BC22C914410004D8748 /* Release */,
			);
			defaultConfigurationIsVisible = 0;
			defaultConfigurationName = Release;
		};
		15C21BC32C914410004D8748 /* Build configuration list for PBXNativeTarget "GithubList_SwiftUI_AI_App" */ = {
			isa = XCConfigurationList;
			buildConfigurations = (
				15C21BC42C914410004D8748 /* Debug */,
				15C21BC52C914410004D8748 /* Release */,
			);
			defaultConfigurationIsVisible = 0;
			defaultConfigurationName = Release;
		};
		15C21BC62C914410004D8748 /* Build configuration list for PBXNativeTarget "GithubList_SwiftUI_AI_AppTests" */ = {
			isa = XCConfigurationList;
			buildConfigurations = (
				15C21BC72C914410004D8748 /* Debug */,
				15C21BC82C914410004D8748 /* Release */,
			);
			defaultConfigurationIsVisible = 0;
			defaultConfigurationName = Release;
		};
		15C21BC92C914410004D8748 /* Build configuration list for PBXNativeTarget "GithubList_SwiftUI_AI_AppUITests" */ = {
			isa = XCConfigurationList;
			buildConfigurations = (
				15C21BCA2C914410004D8748 /* Debug */,
				15C21BCB2C914410004D8748 /* Release */,
			);
			defaultConfigurationIsVisible = 0;
			defaultConfigurationName = Release;
		};
/* End XCConfigurationList section */
	};
	rootObject = 15C21B972C91440F004D8748 /* Project object */;
}
